
Microsoft Visual Studio Solution File, Format Version 12.00
# Visual Studio Version 17
VisualStudioVersion = 17.5.002.0
MinimumVisualStudioVersion = 10.0.40219.1
Project("{9A19103F-16F7-4668-BE54-9A1E7A4F7556}") = "learnStoreProcedure", "learnStoreProcedure\learnStoreProcedure.csproj", "{496594EB-2D2A-4395-A51C-B6534EB0A11F}"
EndProject
Global
	GlobalSection(SolutionConfigurationPlatforms) = preSolution
		Debug|Any CPU = Debug|Any CPU
		Release|Any CPU = Release|Any CPU
	EndGlobalSection
	GlobalSection(ProjectConfigurationPlatforms) = postSolution
		{496594EB-2D2A-4395-A51C-B6534EB0A11F}.Debug|Any CPU.ActiveCfg = Debug|Any CPU
		{496594EB-2D2A-4395-A51C-B6534EB0A11F}.Debug|Any CPU.Build.0 = Debug|Any CPU
		{496594EB-2D2A-4395-A51C-B6534EB0A11F}.Release|Any CPU.ActiveCfg = Release|Any CPU
		{496594EB-2D2A-4395-A51C-B6534EB0A11F}.Release|Any CPU.Build.0 = Release|Any CPU
	EndGlobalSection
	GlobalSection(SolutionProperties) = preSolution
		HideSolutionNode = FALSE
	EndGlobalSection
	GlobalSection(ExtensibilityGlobals) = postSolution
		SolutionGuid = {DA7201DC-D5AE-40EF-9748-0990307163D0}
	EndGlobalSection
EndGlobal
